PODS:
  - Alamofire (5.0.0-beta.6)
  - Kingfisher (5.4.0)
  - SwiftHash (2.0.2)

DEPENDENCIES:
  - Alamofire (~> 5.0.0-beta.5)
  - Kingfisher (~> 5.0)
  - SwiftHash

SPEC REPOS:
  https://github.com/cocoapods/specs.git:
    - Alamofire
    - Kingfisher
    - SwiftHash

SPEC CHECKSUMS:
  Alamofire: cd08a4402bd12cacd0c66f23fb12fec8d6b965e4
  Kingfisher: 9c8f2cc6710334e06f32ba2b45e77707d5e2f0c9
  SwiftHash: 6d312abe61c8359bdef8d0093642f3a70b1c17ba

PODFILE CHECKSUM: 9390d92755ba6744d2d1f4112533950e3f42e255

COCOAPODS: 1.6.0
