// !$*UTF8*$!
{
	archiveVersion = 1;
	classes = {
	};
	objectVersion = 50;
	objects = {

/* Begin PBXBuildFile section */
		994E288AEA30C8CDE5C08B48 /* Pods_HeroesAssemble.framework in Frameworks */ = {isa = PBXBuildFile; fileRef = 98FFC4457C8401A80CB74190 /* Pods_HeroesAssemble.framework */; };
		E856BC74228C433D00E0B65F /* HeroesModel.swift in Sources */ = {isa = PBXBuildFile; fileRef = E856BC73228C433D00E0B65F /* HeroesModel.swift */; };
		E892ED78228B7DBE0079B3E3 /* AppDelegate.swift in Sources */ = {isa = PBXBuildFile; fileRef = E892ED77228B7DBE0079B3E3 /* AppDelegate.swift */; };
		E892ED7D228B7DBE0079B3E3 /* Main.storyboard in Resources */ = {isa = PBXBuildFile; fileRef = E892ED7B228B7DBE0079B3E3 /* Main.storyboard */; };
		E892ED7F228B7DC00079B3E3 /* Assets.xcassets in Resources */ = {isa = PBXBuildFile; fileRef = E892ED7E228B7DC00079B3E3 /* Assets.xcassets */; };
		E892ED82228B7DC00079B3E3 /* LaunchScreen.storyboard in Resources */ = {isa = PBXBuildFile; fileRef = E892ED80228B7DC00079B3E3 /* LaunchScreen.storyboard */; };
		E8CAB280228E66CC00495D74 /* HeroesTableView.swift in Sources */ = {isa = PBXBuildFile; fileRef = E8CAB27F228E66CC00495D74 /* HeroesTableView.swift */; };
		E8CAB282228E66EC00495D74 /* HeroCell.swift in Sources */ = {isa = PBXBuildFile; fileRef = E8CAB281228E66EC00495D74 /* HeroCell.swift */; };
		E8FCDDAC228B981000356DFE /* MenuController.swift in Sources */ = {isa = PBXBuildFile; fileRef = E8FCDDAB228B981000356DFE /* MenuController.swift */; };
		E8FCDDAE228B99A700356DFE /* UIViewExtension.swift in Sources */ = {isa = PBXBuildFile; fileRef = E8FCDDAD228B99A700356DFE /* UIViewExtension.swift */; };
		E8FF5C18228D0BFD0040734D /* HeroServices.swift in Sources */ = {isa = PBXBuildFile; fileRef = E8FF5C17228D0BFD0040734D /* HeroServices.swift */; };
/* End PBXBuildFile section */

/* Begin PBXFileReference section */
		49AE9DEB29BE31D0BB347DB3 /* Pods-HeroesAssemble.release.xcconfig */ = {isa = PBXFileReference; includeInIndex = 1; lastKnownFileType = text.xcconfig; name = "Pods-HeroesAssemble.release.xcconfig"; path = "Target Support Files/Pods-HeroesAssemble/Pods-HeroesAssemble.release.xcconfig"; sourceTree = "<group>"; };
		4CEFDB53AC76A0026307371A /* Pods-HeroesAssemble.debug.xcconfig */ = {isa = PBXFileReference; includeInIndex = 1; lastKnownFileType = text.xcconfig; name = "Pods-HeroesAssemble.debug.xcconfig"; path = "Target Support Files/Pods-HeroesAssemble/Pods-HeroesAssemble.debug.xcconfig"; sourceTree = "<group>"; };
		98FFC4457C8401A80CB74190 /* Pods_HeroesAssemble.framework */ = {isa = PBXFileReference; explicitFileType = wrapper.framework; includeInIndex = 0; path = Pods_HeroesAssemble.framework; sourceTree = BUILT_PRODUCTS_DIR; };
		E856BC73228C433D00E0B65F /* HeroesModel.swift */ = {isa = PBXFileReference; lastKnownFileType = sourcecode.swift; path = HeroesModel.swift; sourceTree = "<group>"; };
		E892ED74228B7DBE0079B3E3 /* HeroesAssemble.app */ = {isa = PBXFileReference; explicitFileType = wrapper.application; includeInIndex = 0; path = HeroesAssemble.app; sourceTree = BUILT_PRODUCTS_DIR; };
		E892ED77228B7DBE0079B3E3 /* AppDelegate.swift */ = {isa = PBXFileReference; lastKnownFileType = sourcecode.swift; path = AppDelegate.swift; sourceTree = "<group>"; };
		E892ED7C228B7DBE0079B3E3 /* Base */ = {isa = PBXFileReference; lastKnownFileType = file.storyboard; name = Base; path = Base.lproj/Main.storyboard; sourceTree = "<group>"; };
		E892ED7E228B7DC00079B3E3 /* Assets.xcassets */ = {isa = PBXFileReference; lastKnownFileType = folder.assetcatalog; path = Assets.xcassets; sourceTree = "<group>"; };
		E892ED81228B7DC00079B3E3 /* Base */ = {isa = PBXFileReference; lastKnownFileType = file.storyboard; name = Base; path = Base.lproj/LaunchScreen.storyboard; sourceTree = "<group>"; };
		E892ED83228B7DC00079B3E3 /* Info.plist */ = {isa = PBXFileReference; lastKnownFileType = text.plist.xml; path = Info.plist; sourceTree = "<group>"; };
		E8CAB27C228E564200495D74 /* BADABB__.TTF */ = {isa = PBXFileReference; lastKnownFileType = file; name = BADABB__.TTF; path = fonts/BADABB__.TTF; sourceTree = SOURCE_ROOT; };
		E8CAB27D228E57BE00495D74 /* Alamofire.swift */ = {isa = PBXFileReference; lastKnownFileType = sourcecode.swift; name = Alamofire.swift; path = Pods/Alamofire/Source/Alamofire.swift; sourceTree = "<group>"; };
		E8CAB27F228E66CC00495D74 /* HeroesTableView.swift */ = {isa = PBXFileReference; lastKnownFileType = sourcecode.swift; path = HeroesTableView.swift; sourceTree = "<group>"; };
		E8CAB281228E66EC00495D74 /* HeroCell.swift */ = {isa = PBXFileReference; lastKnownFileType = sourcecode.swift; path = HeroCell.swift; sourceTree = "<group>"; };
		E8FCDDAB228B981000356DFE /* MenuController.swift */ = {isa = PBXFileReference; lastKnownFileType = sourcecode.swift; path = MenuController.swift; sourceTree = "<group>"; };
		E8FCDDAD228B99A700356DFE /* UIViewExtension.swift */ = {isa = PBXFileReference; lastKnownFileType = sourcecode.swift; path = UIViewExtension.swift; sourceTree = "<group>"; };
		E8FF5C17228D0BFD0040734D /* HeroServices.swift */ = {isa = PBXFileReference; lastKnownFileType = sourcecode.swift; path = HeroServices.swift; sourceTree = "<group>"; };
/* End PBXFileReference section */

/* Begin PBXFrameworksBuildPhase section */
		E892ED71228B7DBE0079B3E3 /* Frameworks */ = {
			isa = PBXFrameworksBuildPhase;
			buildActionMask = 2147483647;
			files = (
				994E288AEA30C8CDE5C08B48 /* Pods_HeroesAssemble.framework in Frameworks */,
			);
			runOnlyForDeploymentPostprocessing = 0;
		};
/* End PBXFrameworksBuildPhase section */

/* Begin PBXGroup section */
		5C16C8E0D5DAFB128556D5DB /* Pods */ = {
			isa = PBXGroup;
			children = (
				4CEFDB53AC76A0026307371A /* Pods-HeroesAssemble.debug.xcconfig */,
				49AE9DEB29BE31D0BB347DB3 /* Pods-HeroesAssemble.release.xcconfig */,
			);
			path = Pods;
			sourceTree = "<group>";
		};
		C5C4E4DB03031F2A78156994 /* Frameworks */ = {
			isa = PBXGroup;
			children = (
				98FFC4457C8401A80CB74190 /* Pods_HeroesAssemble.framework */,
			);
			name = Frameworks;
			sourceTree = "<group>";
		};
		E892ED6B228B7DBE0079B3E3 = {
			isa = PBXGroup;
			children = (
				E8CAB27D228E57BE00495D74 /* Alamofire.swift */,
				E892ED76228B7DBE0079B3E3 /* HeroesAssemble */,
				E892ED75228B7DBE0079B3E3 /* Products */,
				5C16C8E0D5DAFB128556D5DB /* Pods */,
				C5C4E4DB03031F2A78156994 /* Frameworks */,
			);
			sourceTree = "<group>";
		};
		E892ED75228B7DBE0079B3E3 /* Products */ = {
			isa = PBXGroup;
			children = (
				E892ED74228B7DBE0079B3E3 /* HeroesAssemble.app */,
			);
			name = Products;
			sourceTree = "<group>";
		};
		E892ED76228B7DBE0079B3E3 /* HeroesAssemble */ = {
			isa = PBXGroup;
			children = (
				E892ED77228B7DBE0079B3E3 /* AppDelegate.swift */,
				E8FF5C13228D0B620040734D /* Model */,
				E8FF5C14228D0B730040734D /* View */,
				E8FF5C12228D0B510040734D /* Controller */,
				E8FF5C16228D0BB10040734D /* Services */,
				E8FF5C15228D0B880040734D /* Extension */,
				E8FCDDA8228B931B00356DFE /* Fonts */,
				E892ED7E228B7DC00079B3E3 /* Assets.xcassets */,
				E892ED83228B7DC00079B3E3 /* Info.plist */,
			);
			path = HeroesAssemble;
			sourceTree = "<group>";
		};
		E8CAB283228E671900495D74 /* Cell */ = {
			isa = PBXGroup;
			children = (
				E8CAB281228E66EC00495D74 /* HeroCell.swift */,
			);
			path = Cell;
			sourceTree = "<group>";
		};
		E8CAB284228E673E00495D74 /* Menu */ = {
			isa = PBXGroup;
			children = (
				E8FCDDAB228B981000356DFE /* MenuController.swift */,
				E8CAB27F228E66CC00495D74 /* HeroesTableView.swift */,
				E8CAB283228E671900495D74 /* Cell */,
			);
			path = Menu;
			sourceTree = "<group>";
		};
		E8FCDDA8228B931B00356DFE /* Fonts */ = {
			isa = PBXGroup;
			children = (
				E8CAB27C228E564200495D74 /* BADABB__.TTF */,
			);
			path = Fonts;
			sourceTree = "<group>";
		};
		E8FF5C12228D0B510040734D /* Controller */ = {
			isa = PBXGroup;
			children = (
				E8CAB284228E673E00495D74 /* Menu */,
			);
			path = Controller;
			sourceTree = "<group>";
		};
		E8FF5C13228D0B620040734D /* Model */ = {
			isa = PBXGroup;
			children = (
				E856BC73228C433D00E0B65F /* HeroesModel.swift */,
			);
			path = Model;
			sourceTree = "<group>";
		};
		E8FF5C14228D0B730040734D /* View */ = {
			isa = PBXGroup;
			children = (
				E892ED7B228B7DBE0079B3E3 /* Main.storyboard */,
				E892ED80228B7DC00079B3E3 /* LaunchScreen.storyboard */,
			);
			path = View;
			sourceTree = "<group>";
		};
		E8FF5C15228D0B880040734D /* Extension */ = {
			isa = PBXGroup;
			children = (
				E8FCDDAD228B99A700356DFE /* UIViewExtension.swift */,
			);
			path = Extension;
			sourceTree = "<group>";
		};
		E8FF5C16228D0BB10040734D /* Services */ = {
			isa = PBXGroup;
			children = (
				E8FF5C17228D0BFD0040734D /* HeroServices.swift */,
			);
			path = Services;
			sourceTree = "<group>";
		};
/* End PBXGroup section */

/* Begin PBXNativeTarget section */
		E892ED73228B7DBE0079B3E3 /* HeroesAssemble */ = {
			isa = PBXNativeTarget;
			buildConfigurationList = E892ED86228B7DC00079B3E3 /* Build configuration list for PBXNativeTarget "HeroesAssemble" */;
			buildPhases = (
				A9A0577F96863FED8A645DD2 /* [CP] Check Pods Manifest.lock */,
				E892ED70228B7DBE0079B3E3 /* Sources */,
				E892ED71228B7DBE0079B3E3 /* Frameworks */,
				E892ED72228B7DBE0079B3E3 /* Resources */,
				990D8F97D5D119DBFCE8DEE4 /* [CP] Embed Pods Frameworks */,
			);
			buildRules = (
			);
			dependencies = (
			);
			name = HeroesAssemble;
			productName = HeroesAssemble;
			productReference = E892ED74228B7DBE0079B3E3 /* HeroesAssemble.app */;
			productType = "com.apple.product-type.application";
		};
/* End PBXNativeTarget section */

/* Begin PBXProject section */
		E892ED6C228B7DBE0079B3E3 /* Project object */ = {
			isa = PBXProject;
			attributes = {
				LastSwiftUpdateCheck = 1010;
				LastUpgradeCheck = 1010;
				ORGANIZATIONNAME = "erick pisco";
				TargetAttributes = {
					E892ED73228B7DBE0079B3E3 = {
						CreatedOnToolsVersion = 10.1;
					};
				};
			};
			buildConfigurationList = E892ED6F228B7DBE0079B3E3 /* Build configuration list for PBXProject "HeroesAssemble" */;
			compatibilityVersion = "Xcode 9.3";
			developmentRegion = en;
			hasScannedForEncodings = 0;
			knownRegions = (
				en,
				Base,
			);
			mainGroup = E892ED6B228B7DBE0079B3E3;
			productRefGroup = E892ED75228B7DBE0079B3E3 /* Products */;
			projectDirPath = "";
			projectRoot = "";
			targets = (
				E892ED73228B7DBE0079B3E3 /* HeroesAssemble */,
			);
		};
/* End PBXProject section */

/* Begin PBXResourcesBuildPhase section */
		E892ED72228B7DBE0079B3E3 /* Resources */ = {
			isa = PBXResourcesBuildPhase;
			buildActionMask = 2147483647;
			files = (
				E892ED82228B7DC00079B3E3 /* LaunchScreen.storyboard in Resources */,
				E892ED7F228B7DC00079B3E3 /* Assets.xcassets in Resources */,
				E892ED7D228B7DBE0079B3E3 /* Main.storyboard in Resources */,
			);
			runOnlyForDeploymentPostprocessing = 0;
		};
/* End PBXResourcesBuildPhase section */

/* Begin PBXShellScriptBuildPhase section */
		990D8F97D5D119DBFCE8DEE4 /* [CP] Embed Pods Frameworks */ = {
			isa = PBXShellScriptBuildPhase;
			buildActionMask = 2147483647;
			files = (
			);
			inputFileListPaths = (
			);
			inputPaths = (
				"${PODS_ROOT}/Target Support Files/Pods-HeroesAssemble/Pods-HeroesAssemble-frameworks.sh",
				"${BUILT_PRODUCTS_DIR}/Alamofire/Alamofire.framework",
				"${BUILT_PRODUCTS_DIR}/Kingfisher/Kingfisher.framework",
				"${BUILT_PRODUCTS_DIR}/SwiftHash/SwiftHash.framework",
			);
			name = "[CP] Embed Pods Frameworks";
			outputFileListPaths = (
			);
			outputPaths = (
				"${TARGET_BUILD_DIR}/${FRAMEWORKS_FOLDER_PATH}/Alamofire.framework",
				"${TARGET_BUILD_DIR}/${FRAMEWORKS_FOLDER_PATH}/Kingfisher.framework",
				"${TARGET_BUILD_DIR}/${FRAMEWORKS_FOLDER_PATH}/SwiftHash.framework",
			);
			runOnlyForDeploymentPostprocessing = 0;
			shellPath = /bin/sh;
			shellScript = "\"${PODS_ROOT}/Target Support Files/Pods-HeroesAssemble/Pods-HeroesAssemble-frameworks.sh\"\n";
			showEnvVarsInLog = 0;
		};
		A9A0577F96863FED8A645DD2 /* [CP] Check Pods Manifest.lock */ = {
			isa = PBXShellScriptBuildPhase;
			buildActionMask = 2147483647;
			files = (
			);
			inputFileListPaths = (
			);
			inputPaths = (
				"${PODS_PODFILE_DIR_PATH}/Podfile.lock",
				"${PODS_ROOT}/Manifest.lock",
			);
			name = "[CP] Check Pods Manifest.lock";
			outputFileListPaths = (
			);
			outputPaths = (
				"$(DERIVED_FILE_DIR)/Pods-HeroesAssemble-checkManifestLockResult.txt",
			);
			runOnlyForDeploymentPostprocessing = 0;
			shellPath = /bin/sh;
			shellScript = "diff \"${PODS_PODFILE_DIR_PATH}/Podfile.lock\" \"${PODS_ROOT}/Manifest.lock\" > /dev/null\nif [ $? != 0 ] ; then\n    # print error to STDERR\n    echo \"error: The sandbox is not in sync with the Podfile.lock. Run 'pod install' or update your CocoaPods installation.\" >&2\n    exit 1\nfi\n# This output is used by Xcode 'outputs' to avoid re-running this script phase.\necho \"SUCCESS\" > \"${SCRIPT_OUTPUT_FILE_0}\"\n";
			showEnvVarsInLog = 0;
		};
/* End PBXShellScriptBuildPhase section */

/* Begin PBXSourcesBuildPhase section */
		E892ED70228B7DBE0079B3E3 /* Sources */ = {
			isa = PBXSourcesBuildPhase;
			buildActionMask = 2147483647;
			files = (
				E8FF5C18228D0BFD0040734D /* HeroServices.swift in Sources */,
				E8FCDDAE228B99A700356DFE /* UIViewExtension.swift in Sources */,
				E8FCDDAC228B981000356DFE /* MenuController.swift in Sources */,
				E8CAB280228E66CC00495D74 /* HeroesTableView.swift in Sources */,
				E892ED78228B7DBE0079B3E3 /* AppDelegate.swift in Sources */,
				E8CAB282228E66EC00495D74 /* HeroCell.swift in Sources */,
				E856BC74228C433D00E0B65F /* HeroesModel.swift in Sources */,
			);
			runOnlyForDeploymentPostprocessing = 0;
		};
/* End PBXSourcesBuildPhase section */

/* Begin PBXVariantGroup section */
		E892ED7B228B7DBE0079B3E3 /* Main.storyboard */ = {
			isa = PBXVariantGroup;
			children = (
				E892ED7C228B7DBE0079B3E3 /* Base */,
			);
			name = Main.storyboard;
			sourceTree = "<group>";
		};
		E892ED80228B7DC00079B3E3 /* LaunchScreen.storyboard */ = {
			isa = PBXVariantGroup;
			children = (
				E892ED81228B7DC00079B3E3 /* Base */,
			);
			name = LaunchScreen.storyboard;
			sourceTree = "<group>";
		};
/* End PBXVariantGroup section */

/* Begin XCBuildConfiguration section */
		E892ED84228B7DC00079B3E3 /* Debug */ = {
			isa = XCBuildConfiguration;
			buildSettings = {
				ALWAYS_SEARCH_USER_PATHS = NO;
				CLANG_ANALYZER_NONNULL = YES;
				CLANG_ANALYZER_NUMBER_OBJECT_CONVERSION = YES_AGGRESSIVE;
				CLANG_CXX_LANGUAGE_STANDARD = "gnu++14";
				CLANG_CXX_LIBRARY = "libc++";
				CLANG_ENABLE_MODULES = YES;
				CLANG_ENABLE_OBJC_ARC = YES;
				CLANG_ENABLE_OBJC_WEAK = YES;
				CLANG_WARN_BLOCK_CAPTURE_AUTORELEASING = YES;
				CLANG_WARN_BOOL_CONVERSION = YES;
				CLANG_WARN_COMMA = YES;
				CLANG_WARN_CONSTANT_CONVERSION = YES;
				CLANG_WARN_DEPRECATED_OBJC_IMPLEMENTATIONS = YES;
				CLANG_WARN_DIRECT_OBJC_ISA_USAGE = YES_ERROR;
				CLANG_WARN_DOCUMENTATION_COMMENTS = YES;
				CLANG_WARN_EMPTY_BODY = YES;
				CLANG_WARN_ENUM_CONVERSION = YES;
				CLANG_WARN_INFINITE_RECURSION = YES;
				CLANG_WARN_INT_CONVERSION = YES;
				CLANG_WARN_NON_LITERAL_NULL_CONVERSION = YES;
				CLANG_WARN_OBJC_IMPLICIT_RETAIN_SELF = YES;
				CLANG_WARN_OBJC_LITERAL_CONVERSION = YES;
				CLANG_WARN_OBJC_ROOT_CLASS = YES_ERROR;
				CLANG_WARN_RANGE_LOOP_ANALYSIS = YES;
				CLANG_WARN_STRICT_PROTOTYPES = YES;
				CLANG_WARN_SUSPICIOUS_MOVE = YES;
				CLANG_WARN_UNGUARDED_AVAILABILITY = YES_AGGRESSIVE;
				CLANG_WARN_UNREACHABLE_CODE = YES;
				CLANG_WARN__DUPLICATE_METHOD_MATCH = YES;
				CODE_SIGN_IDENTITY = "iPhone Developer";
				COPY_PHASE_STRIP = NO;
				DEBUG_INFORMATION_FORMAT = dwarf;
				ENABLE_STRICT_OBJC_MSGSEND = YES;
				ENABLE_TESTABILITY = YES;
				GCC_C_LANGUAGE_STANDARD = gnu11;
				GCC_DYNAMIC_NO_PIC = NO;
				GCC_NO_COMMON_BLOCKS = YES;
				GCC_OPTIMIZATION_LEVEL = 0;
				GCC_PREPROCESSOR_DEFINITIONS = (
					"DEBUG=1",
					"$(inherited)",
				);
				GCC_WARN_64_TO_32_BIT_CONVERSION = YES;
				GCC_WARN_ABOUT_RETURN_TYPE = YES_ERROR;
				GCC_WARN_UNDECLARED_SELECTOR = YES;
				GCC_WARN_UNINITIALIZED_AUTOS = YES_AGGRESSIVE;
				GCC_WARN_UNUSED_FUNCTION = YES;
				GCC_WARN_UNUSED_VARIABLE = YES;
				IPHONEOS_DEPLOYMENT_TARGET = 12.1;
				MTL_ENABLE_DEBUG_INFO = INCLUDE_SOURCE;
				MTL_FAST_MATH = YES;
				ONLY_ACTIVE_ARCH = YES;
				SDKROOT = iphoneos;
				SWIFT_ACTIVE_COMPILATION_CONDITIONS = DEBUG;
				SWIFT_OPTIMIZATION_LEVEL = "-Onone";
			};
			name = Debug;
		};
		E892ED85228B7DC00079B3E3 /* Release */ = {
			isa = XCBuildConfiguration;
			buildSettings = {
				ALWAYS_SEARCH_USER_PATHS = NO;
				CLANG_ANALYZER_NONNULL = YES;
				CLANG_ANALYZER_NUMBER_OBJECT_CONVERSION = YES_AGGRESSIVE;
				CLANG_CXX_LANGUAGE_STANDARD = "gnu++14";
				CLANG_CXX_LIBRARY = "libc++";
				CLANG_ENABLE_MODULES = YES;
				CLANG_ENABLE_OBJC_ARC = YES;
				CLANG_ENABLE_OBJC_WEAK = YES;
				CLANG_WARN_BLOCK_CAPTURE_AUTORELEASING = YES;
				CLANG_WARN_BOOL_CONVERSION = YES;
				CLANG_WARN_COMMA = YES;
				CLANG_WARN_CONSTANT_CONVERSION = YES;
				CLANG_WARN_DEPRECATED_OBJC_IMPLEMENTATIONS = YES;
				CLANG_WARN_DIRECT_OBJC_ISA_USAGE = YES_ERROR;
				CLANG_WARN_DOCUMENTATION_COMMENTS = YES;
				CLANG_WARN_EMPTY_BODY = YES;
				CLANG_WARN_ENUM_CONVERSION = YES;
				CLANG_WARN_INFINITE_RECURSION = YES;
				CLANG_WARN_INT_CONVERSION = YES;
				CLANG_WARN_NON_LITERAL_NULL_CONVERSION = YES;
				CLANG_WARN_OBJC_IMPLICIT_RETAIN_SELF = YES;
				CLANG_WARN_OBJC_LITERAL_CONVERSION = YES;
				CLANG_WARN_OBJC_ROOT_CLASS = YES_ERROR;
				CLANG_WARN_RANGE_LOOP_ANALYSIS = YES;
				CLANG_WARN_STRICT_PROTOTYPES = YES;
				CLANG_WARN_SUSPICIOUS_MOVE = YES;
				CLANG_WARN_UNGUARDED_AVAILABILITY = YES_AGGRESSIVE;
				CLANG_WARN_UNREACHABLE_CODE = YES;
				CLANG_WARN__DUPLICATE_METHOD_MATCH = YES;
				CODE_SIGN_IDENTITY = "iPhone Developer";
				COPY_PHASE_STRIP = NO;
				DEBUG_INFORMATION_FORMAT = "dwarf-with-dsym";
				ENABLE_NS_ASSERTIONS = NO;
				ENABLE_STRICT_OBJC_MSGSEND = YES;
				GCC_C_LANGUAGE_STANDARD = gnu11;
				GCC_NO_COMMON_BLOCKS = YES;
				GCC_WARN_64_TO_32_BIT_CONVERSION = YES;
				GCC_WARN_ABOUT_RETURN_TYPE = YES_ERROR;
				GCC_WARN_UNDECLARED_SELECTOR = YES;
				GCC_WARN_UNINITIALIZED_AUTOS = YES_AGGRESSIVE;
				GCC_WARN_UNUSED_FUNCTION = YES;
				GCC_WARN_UNUSED_VARIABLE = YES;
				IPHONEOS_DEPLOYMENT_TARGET = 12.1;
				MTL_ENABLE_DEBUG_INFO = NO;
				MTL_FAST_MATH = YES;
				SDKROOT = iphoneos;
				SWIFT_COMPILATION_MODE = wholemodule;
				SWIFT_OPTIMIZATION_LEVEL = "-O";
				VALIDATE_PRODUCT = YES;
			};
			name = Release;
		};
		E892ED87228B7DC00079B3E3 /* Debug */ = {
			isa = XCBuildConfiguration;
			baseConfigurationReference = 4CEFDB53AC76A0026307371A /* Pods-HeroesAssemble.debug.xcconfig */;
			buildSettings = {
				ASSETCATALOG_COMPILER_APPICON_NAME = AppIcon;
				CODE_SIGN_STYLE = Automatic;
				DEVELOPMENT_TEAM = QBMBSH4RH8;
				INFOPLIST_FILE = HeroesAssemble/Info.plist;
				LD_RUNPATH_SEARCH_PATHS = (
					"$(inherited)",
					"@executable_path/Frameworks",
				);
				PRODUCT_BUNDLE_IDENTIFIER = com.piscoPixel.Challenger.HeroesAssemble;
				PRODUCT_NAME = "$(TARGET_NAME)";
				SWIFT_VERSION = 4.2;
				TARGETED_DEVICE_FAMILY = "1,2";
			};
			name = Debug;
		};
		E892ED88228B7DC00079B3E3 /* Release */ = {
			isa = XCBuildConfiguration;
			baseConfigurationReference = 49AE9DEB29BE31D0BB347DB3 /* Pods-HeroesAssemble.release.xcconfig */;
			buildSettings = {
				ASSETCATALOG_COMPILER_APPICON_NAME = AppIcon;
				CODE_SIGN_STYLE = Automatic;
				DEVELOPMENT_TEAM = QBMBSH4RH8;
				INFOPLIST_FILE = HeroesAssemble/Info.plist;
				LD_RUNPATH_SEARCH_PATHS = (
					"$(inherited)",
					"@executable_path/Frameworks",
				);
				PRODUCT_BUNDLE_IDENTIFIER = com.piscoPixel.Challenger.HeroesAssemble;
				PRODUCT_NAME = "$(TARGET_NAME)";
				SWIFT_VERSION = 4.2;
				TARGETED_DEVICE_FAMILY = "1,2";
			};
			name = Release;
		};
/* End XCBuildConfiguration section */

/* Begin XCConfigurationList section */
		E892ED6F228B7DBE0079B3E3 /* Build configuration list for PBXProject "HeroesAssemble" */ = {
			isa = XCConfigurationList;
			buildConfigurations = (
				E892ED84228B7DC00079B3E3 /* Debug */,
				E892ED85228B7DC00079B3E3 /* Release */,
			);
			defaultConfigurationIsVisible = 0;
			defaultConfigurationName = Release;
		};
		E892ED86228B7DC00079B3E3 /* Build configuration list for PBXNativeTarget "HeroesAssemble" */ = {
			isa = XCConfigurationList;
			buildConfigurations = (
				E892ED87228B7DC00079B3E3 /* Debug */,
				E892ED88228B7DC00079B3E3 /* Release */,
			);
			defaultConfigurationIsVisible = 0;
			defaultConfigurationName = Release;
		};
/* End XCConfigurationList section */
	};
	rootObject = E892ED6C228B7DBE0079B3E3 /* Project object */;
}
